
Microsoft Visual Studio Solution File, Format Version 12.00
# Visual Studio 14
VisualStudioVersion = 14.0.22310.1
MinimumVisualStudioVersion = 10.0.40219.1
Project("{FAE04EC0-301F-11D3-BF4B-00C04F79EFBC}") = "MathStat", "MathStat\MathStat.csproj", "{5ED22256-1EA0-457A-9F85-A6B4513EFE0F}"
EndProject
Project("{FAE04EC0-301F-11D3-BF4B-00C04F79EFBC}") = "MathStat.Example.Console", "MathStat.Example.Console\MathStat.Example.Console.csproj", "{8079E54B-66BD-4DC2-BC51-959C7AAB2007}"
EndProject
Project("{2150E333-8FDC-42A3-9474-1A3956D46DE8}") = "Solution Items", "Solution Items", "{152894D5-1595-4DE2-9998-578AC8368A66}"
	ProjectSection(SolutionItems) = preProject
		MathStat\MathStat.nuspec = MathStat\MathStat.nuspec
		..\README.md = ..\README.md
	EndProjectSection
EndProject
Global
	GlobalSection(SolutionConfigurationPlatforms) = preSolution
		Debug|Any CPU = Debug|Any CPU
		Release|Any CPU = Release|Any CPU
	EndGlobalSection
	GlobalSection(ProjectConfigurationPlatforms) = postSolution
		{5ED22256-1EA0-457A-9F85-A6B4513EFE0F}.Debug|Any CPU.ActiveCfg = Debug|Any CPU
		{5ED22256-1EA0-457A-9F85-A6B4513EFE0F}.Debug|Any CPU.Build.0 = Debug|Any CPU
		{5ED22256-1EA0-457A-9F85-A6B4513EFE0F}.Release|Any CPU.ActiveCfg = Release|Any CPU
		{5ED22256-1EA0-457A-9F85-A6B4513EFE0F}.Release|Any CPU.Build.0 = Release|Any CPU
		{8079E54B-66BD-4DC2-BC51-959C7AAB2007}.Debug|Any CPU.ActiveCfg = Debug|Any CPU
		{8079E54B-66BD-4DC2-BC51-959C7AAB2007}.Debug|Any CPU.Build.0 = Debug|Any CPU
		{8079E54B-66BD-4DC2-BC51-959C7AAB2007}.Release|Any CPU.ActiveCfg = Release|Any CPU
		{8079E54B-66BD-4DC2-BC51-959C7AAB2007}.Release|Any CPU.Build.0 = Release|Any CPU
	EndGlobalSection
	GlobalSection(SolutionProperties) = preSolution
		HideSolutionNode = FALSE
	EndGlobalSection
EndGlobal
